
Microsoft Visual Studio Solution File, Format Version 12.00
# Visual Studio 15
VisualStudioVersion = 15.0.27703.2000
MinimumVisualStudioVersion = 10.0.40219.1
Project("{9A19103F-16F7-4668-BE54-9A1E7A4F7556}") = "Rebalanser.Core", "Rebalanser.Core\Rebalanser.Core.csproj", "{3515D4C6-3DB8-41DB-AC36-5B6212564AB7}"
EndProject
Global
	GlobalSection(SolutionConfigurationPlatforms) = preSolution
		Debug|Any CPU = Debug|Any CPU
		Release|Any CPU = Release|Any CPU
	EndGlobalSection
	GlobalSection(ProjectConfigurationPlatforms) = postSolution
		{3515D4C6-3DB8-41DB-AC36-5B6212564AB7}.Debug|Any CPU.ActiveCfg = Debug|Any CPU
		{3515D4C6-3DB8-41DB-AC36-5B6212564AB7}.Debug|Any CPU.Build.0 = Debug|Any CPU
		{3515D4C6-3DB8-41DB-AC36-5B6212564AB7}.Release|Any CPU.ActiveCfg = Release|Any CPU
		{3515D4C6-3DB8-41DB-AC36-5B6212564AB7}.Release|Any CPU.Build.0 = Release|Any CPU
	EndGlobalSection
	GlobalSection(SolutionProperties) = preSolution
		HideSolutionNode = FALSE
	EndGlobalSection
	GlobalSection(ExtensibilityGlobals) = postSolution
		SolutionGuid = {EA75D472-2C99-4176-B13C-7471E3704272}
	EndGlobalSection
EndGlobal
